
Microsoft Visual Studio Solution File, Format Version 12.00
# Visual Studio Version 16
VisualStudioVersion = 16.0.29001.49
MinimumVisualStudioVersion = 10.0.40219.1
Project("{FAE04EC0-301F-11D3-BF4B-00C04F79EFBC}") = "cSharpBasics", "cSharpBasics\cSharpBasics.csproj", "{07C10FC7-02ED-495D-A90E-17B796267873}"
EndProject
Global
	GlobalSection(SolutionConfigurationPlatforms) = preSolution
		Debug|Any CPU = Debug|Any CPU
		Release|Any CPU = Release|Any CPU
	EndGlobalSection
	GlobalSection(ProjectConfigurationPlatforms) = postSolution
		{07C10FC7-02ED-495D-A90E-17B796267873}.Debug|Any CPU.ActiveCfg = Debug|Any CPU
		{07C10FC7-02ED-495D-A90E-17B796267873}.Debug|Any CPU.Build.0 = Debug|Any CPU
		{07C10FC7-02ED-495D-A90E-17B796267873}.Release|Any CPU.ActiveCfg = Release|Any CPU
		{07C10FC7-02ED-495D-A90E-17B796267873}.Release|Any CPU.Build.0 = Release|Any CPU
	EndGlobalSection
	GlobalSection(SolutionProperties) = preSolution
		HideSolutionNode = FALSE
	EndGlobalSection
	GlobalSection(ExtensibilityGlobals) = postSolution
		SolutionGuid = {8D028DC2-F478-4116-9524-B1632C374345}
	EndGlobalSection
EndGlobal
